
Microsoft Visual Studio Solution File, Format Version 12.00
# Visual Studio Version 17
VisualStudioVersion = 17.6.33815.320
MinimumVisualStudioVersion = 10.0.40219.1
Project("{FAE04EC0-301F-11D3-BF4B-00C04F79EFBC}") = "ChapasPrintingService", "ChapasPrintingService\ChapasPrintingService.csproj", "{37A0D632-E968-4541-A6A1-4CB4F8C31C88}"
EndProject
Global
	GlobalSection(SolutionConfigurationPlatforms) = preSolution
		Debug|Any CPU = Debug|Any CPU
		Release|Any CPU = Release|Any CPU
	EndGlobalSection
	GlobalSection(ProjectConfigurationPlatforms) = postSolution
		{37A0D632-E968-4541-A6A1-4CB4F8C31C88}.Debug|Any CPU.ActiveCfg = Debug|Any CPU
		{37A0D632-E968-4541-A6A1-4CB4F8C31C88}.Debug|Any CPU.Build.0 = Debug|Any CPU
		{37A0D632-E968-4541-A6A1-4CB4F8C31C88}.Release|Any CPU.ActiveCfg = Release|Any CPU
		{37A0D632-E968-4541-A6A1-4CB4F8C31C88}.Release|Any CPU.Build.0 = Release|Any CPU
	EndGlobalSection
	GlobalSection(SolutionProperties) = preSolution
		HideSolutionNode = FALSE
	EndGlobalSection
	GlobalSection(ExtensibilityGlobals) = postSolution
		SolutionGuid = {7BD4F067-DB72-461B-9A36-69486DA6AE4C}
	EndGlobalSection
EndGlobal
